
Microsoft Visual Studio Solution File, Format Version 12.00
# Visual Studio Version 17
VisualStudioVersion = 17.5.33414.496
MinimumVisualStudioVersion = 10.0.40219.1
Project("{8BC9CEB8-8B4A-11D0-8D11-00A0C91BC942}") = "Matrix Product Max Of Columns", "Matrix Product Max Of Columns\Matrix Product Max Of Columns.vcxproj", "{A7550266-DFAE-4016-B25C-CBE769BFC01B}"
EndProject
Global
	GlobalSection(SolutionConfigurationPlatforms) = preSolution
		Debug|x64 = Debug|x64
		Debug|x86 = Debug|x86
		Release|x64 = Release|x64
		Release|x86 = Release|x86
	EndGlobalSection
	GlobalSection(ProjectConfigurationPlatforms) = postSolution
		{A7550266-DFAE-4016-B25C-CBE769BFC01B}.Debug|x64.ActiveCfg = Debug|x64
		{A7550266-DFAE-4016-B25C-CBE769BFC01B}.Debug|x64.Build.0 = Debug|x64
		{A7550266-DFAE-4016-B25C-CBE769BFC01B}.Debug|x86.ActiveCfg = Debug|Win32
		{A7550266-DFAE-4016-B25C-CBE769BFC01B}.Debug|x86.Build.0 = Debug|Win32
		{A7550266-DFAE-4016-B25C-CBE769BFC01B}.Release|x64.ActiveCfg = Release|x64
		{A7550266-DFAE-4016-B25C-CBE769BFC01B}.Release|x64.Build.0 = Release|x64
		{A7550266-DFAE-4016-B25C-CBE769BFC01B}.Release|x86.ActiveCfg = Release|Win32
		{A7550266-DFAE-4016-B25C-CBE769BFC01B}.Release|x86.Build.0 = Release|Win32
	EndGlobalSection
	GlobalSection(SolutionProperties) = preSolution
		HideSolutionNode = FALSE
	EndGlobalSection
	GlobalSection(ExtensibilityGlobals) = postSolution
		SolutionGuid = {FBF70C79-CA1A-416F-90A8-1A29FF83A5D6}
	EndGlobalSection
EndGlobal
